
Microsoft Visual Studio Solution File, Format Version 12.00
# Visual Studio Version 17
VisualStudioVersion = 17.13.35931.197
MinimumVisualStudioVersion = 10.0.40219.1
Project("{FAE04EC0-301F-11D3-BF4B-00C04F79EFBC}") = "CleanCQRS", "CleanCQRS\CleanCQRS.csproj", "{AD4F8B54-23BD-48D6-BE9C-75614FBD3486}"
EndProject
Project("{2150E333-8FDC-42A3-9474-1A3956D46DE8}") = "src", "src", "{02EA681E-C7D8-13C7-8484-4AC65E1B71E8}"
EndProject
Project("{FAE04EC0-301F-11D3-BF4B-00C04F79EFBC}") = "Domain", "Domain\Domain.csproj", "{1B865776-813A-4359-8167-BC3AE8D2B704}"
EndProject
Project("{FAE04EC0-301F-11D3-BF4B-00C04F79EFBC}") = "Application", "Aplication\Application.csproj", "{82B7A1C1-FCAD-4EEC-B936-138594F5A037}"
EndProject
Project("{FAE04EC0-301F-11D3-BF4B-00C04F79EFBC}") = "Infrastructure", "Infrastructure\Infrastructure.csproj", "{552960F6-AD88-4766-BFBE-34199B228CD0}"
EndProject
Global
	GlobalSection(SolutionConfigurationPlatforms) = preSolution
		Debug|Any CPU = Debug|Any CPU
		Release|Any CPU = Release|Any CPU
	EndGlobalSection
	GlobalSection(ProjectConfigurationPlatforms) = postSolution
		{AD4F8B54-23BD-48D6-BE9C-75614FBD3486}.Debug|Any CPU.ActiveCfg = Debug|Any CPU
		{AD4F8B54-23BD-48D6-BE9C-75614FBD3486}.Debug|Any CPU.Build.0 = Debug|Any CPU
		{AD4F8B54-23BD-48D6-BE9C-75614FBD3486}.Release|Any CPU.ActiveCfg = Release|Any CPU
		{AD4F8B54-23BD-48D6-BE9C-75614FBD3486}.Release|Any CPU.Build.0 = Release|Any CPU
		{1B865776-813A-4359-8167-BC3AE8D2B704}.Debug|Any CPU.ActiveCfg = Debug|Any CPU
		{1B865776-813A-4359-8167-BC3AE8D2B704}.Debug|Any CPU.Build.0 = Debug|Any CPU
		{1B865776-813A-4359-8167-BC3AE8D2B704}.Release|Any CPU.ActiveCfg = Release|Any CPU
		{1B865776-813A-4359-8167-BC3AE8D2B704}.Release|Any CPU.Build.0 = Release|Any CPU
		{82B7A1C1-FCAD-4EEC-B936-138594F5A037}.Debug|Any CPU.ActiveCfg = Debug|Any CPU
		{82B7A1C1-FCAD-4EEC-B936-138594F5A037}.Debug|Any CPU.Build.0 = Debug|Any CPU
		{82B7A1C1-FCAD-4EEC-B936-138594F5A037}.Release|Any CPU.ActiveCfg = Release|Any CPU
		{82B7A1C1-FCAD-4EEC-B936-138594F5A037}.Release|Any CPU.Build.0 = Release|Any CPU
		{552960F6-AD88-4766-BFBE-34199B228CD0}.Debug|Any CPU.ActiveCfg = Debug|Any CPU
		{552960F6-AD88-4766-BFBE-34199B228CD0}.Debug|Any CPU.Build.0 = Debug|Any CPU
		{552960F6-AD88-4766-BFBE-34199B228CD0}.Release|Any CPU.ActiveCfg = Release|Any CPU
		{552960F6-AD88-4766-BFBE-34199B228CD0}.Release|Any CPU.Build.0 = Release|Any CPU
	EndGlobalSection
	GlobalSection(SolutionProperties) = preSolution
		HideSolutionNode = FALSE
	EndGlobalSection
	GlobalSection(NestedProjects) = preSolution
		{1B865776-813A-4359-8167-BC3AE8D2B704} = {02EA681E-C7D8-13C7-8484-4AC65E1B71E8}
		{82B7A1C1-FCAD-4EEC-B936-138594F5A037} = {02EA681E-C7D8-13C7-8484-4AC65E1B71E8}
		{552960F6-AD88-4766-BFBE-34199B228CD0} = {02EA681E-C7D8-13C7-8484-4AC65E1B71E8}
	EndGlobalSection
	GlobalSection(ExtensibilityGlobals) = postSolution
		SolutionGuid = {9A9F942B-374C-4A71-86FE-5A1EF96A2A59}
	EndGlobalSection
EndGlobal
